
Microsoft Visual Studio Solution File, Format Version 12.00
# Visual Studio Version 16
VisualStudioVersion = 16.0.30002.166
MinimumVisualStudioVersion = 10.0.40219.1
Project("{FAE04EC0-301F-11D3-BF4B-00C04F79EFBC}") = "GCPractice", "GCPractice\GCPractice.csproj", "{A53B6440-64A2-4F1B-84D5-6CA9DECCA212}"
EndProject
Global
	GlobalSection(SolutionConfigurationPlatforms) = preSolution
		Debug|Any CPU = Debug|Any CPU
		Release|Any CPU = Release|Any CPU
	EndGlobalSection
	GlobalSection(ProjectConfigurationPlatforms) = postSolution
		{A53B6440-64A2-4F1B-84D5-6CA9DECCA212}.Debug|Any CPU.ActiveCfg = Debug|Any CPU
		{A53B6440-64A2-4F1B-84D5-6CA9DECCA212}.Debug|Any CPU.Build.0 = Debug|Any CPU
		{A53B6440-64A2-4F1B-84D5-6CA9DECCA212}.Release|Any CPU.ActiveCfg = Release|Any CPU
		{A53B6440-64A2-4F1B-84D5-6CA9DECCA212}.Release|Any CPU.Build.0 = Release|Any CPU
	EndGlobalSection
	GlobalSection(SolutionProperties) = preSolution
		HideSolutionNode = FALSE
	EndGlobalSection
	GlobalSection(ExtensibilityGlobals) = postSolution
		SolutionGuid = {8EC79BD6-D4DB-4B32-A2E6-3916CE6D50DA}
	EndGlobalSection
EndGlobal
